
Microsoft Visual Studio Solution File, Format Version 12.00
# Visual Studio Version 17
VisualStudioVersion = 17.13.35931.197
MinimumVisualStudioVersion = 10.0.40219.1
Project("{8BC9CEB8-8B4A-11D0-8D11-00A0C91BC942}") = "Adab-I", "Adab-I.vcxproj", "{7CC3774D-A449-42C5-B934-3453186A4D33}"
EndProject
Global
	GlobalSection(SolutionConfigurationPlatforms) = preSolution
		Debug|x64 = Debug|x64
		Debug|x86 = Debug|x86
		Release|x64 = Release|x64
		Release|x86 = Release|x86
	EndGlobalSection
	GlobalSection(ProjectConfigurationPlatforms) = postSolution
		{7CC3774D-A449-42C5-B934-3453186A4D33}.Debug|x64.ActiveCfg = Debug|x64
		{7CC3774D-A449-42C5-B934-3453186A4D33}.Debug|x64.Build.0 = Debug|x64
		{7CC3774D-A449-42C5-B934-3453186A4D33}.Debug|x86.ActiveCfg = Debug|Win32
		{7CC3774D-A449-42C5-B934-3453186A4D33}.Debug|x86.Build.0 = Debug|Win32
		{7CC3774D-A449-42C5-B934-3453186A4D33}.Release|x64.ActiveCfg = Release|x64
		{7CC3774D-A449-42C5-B934-3453186A4D33}.Release|x64.Build.0 = Release|x64
		{7CC3774D-A449-42C5-B934-3453186A4D33}.Release|x86.ActiveCfg = Release|Win32
		{7CC3774D-A449-42C5-B934-3453186A4D33}.Release|x86.Build.0 = Release|Win32
	EndGlobalSection
	GlobalSection(SolutionProperties) = preSolution
		HideSolutionNode = FALSE
	EndGlobalSection
	GlobalSection(ExtensibilityGlobals) = postSolution
		SolutionGuid = {CD6032F0-55DC-457A-A79E-1D20455531C1}
	EndGlobalSection
EndGlobal
